
Microsoft Visual Studio Solution File, Format Version 12.00
# Visual Studio Version 16
VisualStudioVersion = 16.0.30717.126
MinimumVisualStudioVersion = 10.0.40219.1
Project("{9A19103F-16F7-4668-BE54-9A1E7A4F7556}") = "Yesolm.DevOps", "src\Apps\Yesolm.DevOps.csproj", "{A8F5D11C-040D-46A8-8269-B197A70E4950}"
EndProject
Project("{2150E333-8FDC-42A3-9474-1A3956D46DE8}") = "src", "src", "{C489059A-D160-4C00-9336-EA029DCB2C6B}"
EndProject
Global
	GlobalSection(SolutionConfigurationPlatforms) = preSolution
		Debug|Any CPU = Debug|Any CPU
		Release|Any CPU = Release|Any CPU
	EndGlobalSection
	GlobalSection(ProjectConfigurationPlatforms) = postSolution
		{A8F5D11C-040D-46A8-8269-B197A70E4950}.Debug|Any CPU.ActiveCfg = Debug|Any CPU
		{A8F5D11C-040D-46A8-8269-B197A70E4950}.Debug|Any CPU.Build.0 = Debug|Any CPU
		{A8F5D11C-040D-46A8-8269-B197A70E4950}.Release|Any CPU.ActiveCfg = Release|Any CPU
		{A8F5D11C-040D-46A8-8269-B197A70E4950}.Release|Any CPU.Build.0 = Release|Any CPU
	EndGlobalSection
	GlobalSection(SolutionProperties) = preSolution
		HideSolutionNode = FALSE
	EndGlobalSection
	GlobalSection(NestedProjects) = preSolution
		{A8F5D11C-040D-46A8-8269-B197A70E4950} = {C489059A-D160-4C00-9336-EA029DCB2C6B}
	EndGlobalSection
	GlobalSection(ExtensibilityGlobals) = postSolution
		SolutionGuid = {1FA10A41-BED8-44DE-B701-3F1357D29748}
	EndGlobalSection
EndGlobal
